
Microsoft Visual Studio Solution File, Format Version 12.00
# Visual Studio Version 17
VisualStudioVersion = 17.4.33403.182
MinimumVisualStudioVersion = 10.0.40219.1
Project("{FAE04EC0-301F-11D3-BF4B-00C04F79EFBC}") = "BlazorFullStackCRUD.Server", "BlazorFullStackCRUD\Server\BlazorFullStackCRUD.Server.csproj", "{D44B1741-9FA5-48CA-8C82-DF4972084F3D}"
EndProject
Project("{FAE04EC0-301F-11D3-BF4B-00C04F79EFBC}") = "BlazorFullStackCRUD.Client", "BlazorFullStackCRUD\Client\BlazorFullStackCRUD.Client.csproj", "{BB4667E9-B094-4882-972C-2307C4A3D6A6}"
EndProject
Project("{FAE04EC0-301F-11D3-BF4B-00C04F79EFBC}") = "BlazorFullStackCRUD.Shared", "BlazorFullStackCRUD\Shared\BlazorFullStackCRUD.Shared.csproj", "{D2306A2F-A907-459C-A2FE-FF519569B14C}"
EndProject
Global
	GlobalSection(SolutionConfigurationPlatforms) = preSolution
		Debug|Any CPU = Debug|Any CPU
		Release|Any CPU = Release|Any CPU
	EndGlobalSection
	GlobalSection(ProjectConfigurationPlatforms) = postSolution
		{D44B1741-9FA5-48CA-8C82-DF4972084F3D}.Debug|Any CPU.ActiveCfg = Debug|Any CPU
		{D44B1741-9FA5-48CA-8C82-DF4972084F3D}.Debug|Any CPU.Build.0 = Debug|Any CPU
		{D44B1741-9FA5-48CA-8C82-DF4972084F3D}.Release|Any CPU.ActiveCfg = Release|Any CPU
		{D44B1741-9FA5-48CA-8C82-DF4972084F3D}.Release|Any CPU.Build.0 = Release|Any CPU
		{BB4667E9-B094-4882-972C-2307C4A3D6A6}.Debug|Any CPU.ActiveCfg = Debug|Any CPU
		{BB4667E9-B094-4882-972C-2307C4A3D6A6}.Debug|Any CPU.Build.0 = Debug|Any CPU
		{BB4667E9-B094-4882-972C-2307C4A3D6A6}.Release|Any CPU.ActiveCfg = Release|Any CPU
		{BB4667E9-B094-4882-972C-2307C4A3D6A6}.Release|Any CPU.Build.0 = Release|Any CPU
		{D2306A2F-A907-459C-A2FE-FF519569B14C}.Debug|Any CPU.ActiveCfg = Debug|Any CPU
		{D2306A2F-A907-459C-A2FE-FF519569B14C}.Debug|Any CPU.Build.0 = Debug|Any CPU
		{D2306A2F-A907-459C-A2FE-FF519569B14C}.Release|Any CPU.ActiveCfg = Release|Any CPU
		{D2306A2F-A907-459C-A2FE-FF519569B14C}.Release|Any CPU.Build.0 = Release|Any CPU
	EndGlobalSection
	GlobalSection(SolutionProperties) = preSolution
		HideSolutionNode = FALSE
	EndGlobalSection
	GlobalSection(ExtensibilityGlobals) = postSolution
		SolutionGuid = {8D45E88F-634C-4F9F-85E9-CA0730225D3E}
	EndGlobalSection
EndGlobal
